// !$*UTF8*$!
{
	archiveVersion = 1;
	classes = {
	};
	objectVersion = 46;
	objects = {

/* Begin PBXBuildFile section */
		F41EFAEF20790A3000DAFDE3 /* Data.swift in Sources */ = {isa = PBXBuildFile; fileRef = F41EFAEE20790A3000DAFDE3 /* Data.swift */; };
		F41EFAF120790A6400DAFDE3 /* DetailCell.swift in Sources */ = {isa = PBXBuildFile; fileRef = F41EFAF020790A6400DAFDE3 /* DetailCell.swift */; };
		F41EFAFD20790B6300DAFDE3 /* Ana1ViewPoints.swift in Sources */ = {isa = PBXBuildFile; fileRef = F41EFAF220790B6200DAFDE3 /* Ana1ViewPoints.swift */; };
		F41EFAFE20790B6300DAFDE3 /* Ana2ViewPoints.swift in Sources */ = {isa = PBXBuildFile; fileRef = F41EFAF320790B6200DAFDE3 /* Ana2ViewPoints.swift */; };
		F41EFAFF20790B6300DAFDE3 /* Ana3ViewCoordinates_Y.swift in Sources */ = {isa = PBXBuildFile; fileRef = F41EFAF420790B6200DAFDE3 /* Ana3ViewCoordinates_Y.swift */; };
		F41EFB0020790B6300DAFDE3 /* Ana3ViewLine.swift in Sources */ = {isa = PBXBuildFile; fileRef = F41EFAF520790B6200DAFDE3 /* Ana3ViewLine.swift */; };
		F41EFB0120790B6300DAFDE3 /* Ana2ViewCoordinates.swift in Sources */ = {isa = PBXBuildFile; fileRef = F41EFAF620790B6200DAFDE3 /* Ana2ViewCoordinates.swift */; };
		F41EFB0220790B6300DAFDE3 /* Ana3ViewPoint1.swift in Sources */ = {isa = PBXBuildFile; fileRef = F41EFAF720790B6200DAFDE3 /* Ana3ViewPoint1.swift */; };
		F41EFB0320790B6300DAFDE3 /* Ana1ViewCoordinates.swift in Sources */ = {isa = PBXBuildFile; fileRef = F41EFAF820790B6200DAFDE3 /* Ana1ViewCoordinates.swift */; };
		F41EFB0420790B6300DAFDE3 /* Ana3ViewPoint2.swift in Sources */ = {isa = PBXBuildFile; fileRef = F41EFAF920790B6200DAFDE3 /* Ana3ViewPoint2.swift */; };
		F41EFB0520790B6300DAFDE3 /* Ana3ViewCoordinates_Z.swift in Sources */ = {isa = PBXBuildFile; fileRef = F41EFAFA20790B6200DAFDE3 /* Ana3ViewCoordinates_Z.swift */; };
		F41EFB0620790B6300DAFDE3 /* Ana1ViewLine.swift in Sources */ = {isa = PBXBuildFile; fileRef = F41EFAFB20790B6200DAFDE3 /* Ana1ViewLine.swift */; };
		F41EFB0720790B6300DAFDE3 /* Ana3ViewCoordinates_X.swift in Sources */ = {isa = PBXBuildFile; fileRef = F41EFAFC20790B6300DAFDE3 /* Ana3ViewCoordinates_X.swift */; };
		F41EFB1120790BA100DAFDE3 /* Ell3ViewFilling.swift in Sources */ = {isa = PBXBuildFile; fileRef = F41EFB0820790BA000DAFDE3 /* Ell3ViewFilling.swift */; };
		F41EFB1220790BA100DAFDE3 /* Ell3ViewPerimeter.swift in Sources */ = {isa = PBXBuildFile; fileRef = F41EFB0920790BA000DAFDE3 /* Ell3ViewPerimeter.swift */; };
		F41EFB1320790BA100DAFDE3 /* Ell3ViewRadius1.swift in Sources */ = {isa = PBXBuildFile; fileRef = F41EFB0A20790BA000DAFDE3 /* Ell3ViewRadius1.swift */; };
		F41EFB1420790BA100DAFDE3 /* Ell1ViewFilling.swift in Sources */ = {isa = PBXBuildFile; fileRef = F41EFB0B20790BA000DAFDE3 /* Ell1ViewFilling.swift */; };
		F41EFB1520790BA100DAFDE3 /* Ell1ViewPerimeter.swift in Sources */ = {isa = PBXBuildFile; fileRef = F41EFB0C20790BA000DAFDE3 /* Ell1ViewPerimeter.swift */; };
		F41EFB1620790BA100DAFDE3 /* Ell3ViewRadius2.swift in Sources */ = {isa = PBXBuildFile; fileRef = F41EFB0D20790BA000DAFDE3 /* Ell3ViewRadius2.swift */; };
		F41EFB1720790BA100DAFDE3 /* Ell3ViewRadius3.swift in Sources */ = {isa = PBXBuildFile; fileRef = F41EFB0E20790BA000DAFDE3 /* Ell3ViewRadius3.swift */; };
		F41EFB1820790BA100DAFDE3 /* Ell1ViewRadius2.swift in Sources */ = {isa = PBXBuildFile; fileRef = F41EFB0F20790BA000DAFDE3 /* Ell1ViewRadius2.swift */; };
		F41EFB1920790BA100DAFDE3 /* Ell1ViewRadius1.swift in Sources */ = {isa = PBXBuildFile; fileRef = F41EFB1020790BA000DAFDE3 /* Ell1ViewRadius1.swift */; };
		F41EFB1D20790BCE00DAFDE3 /* Cyl1ViewFilling.swift in Sources */ = {isa = PBXBuildFile; fileRef = F41EFB1A20790BCE00DAFDE3 /* Cyl1ViewFilling.swift */; };
		F41EFB1E20790BCE00DAFDE3 /* Cyl1ViewRadius.swift in Sources */ = {isa = PBXBuildFile; fileRef = F41EFB1B20790BCE00DAFDE3 /* Cyl1ViewRadius.swift */; };
		F41EFB1F20790BCE00DAFDE3 /* Cyl1ViewHeight.swift in Sources */ = {isa = PBXBuildFile; fileRef = F41EFB1C20790BCE00DAFDE3 /* Cyl1ViewHeight.swift */; };
		F41EFB2420790BEF00DAFDE3 /* Con1ViewFilling.swift in Sources */ = {isa = PBXBuildFile; fileRef = F41EFB2020790BEF00DAFDE3 /* Con1ViewFilling.swift */; };
		F41EFB2520790BEF00DAFDE3 /* Con1ViewRadius.swift in Sources */ = {isa = PBXBuildFile; fileRef = F41EFB2120790BEF00DAFDE3 /* Con1ViewRadius.swift */; };
		F41EFB2620790BEF00DAFDE3 /* Con1ViewSlantHeight.swift in Sources */ = {isa = PBXBuildFile; fileRef = F41EFB2220790BEF00DAFDE3 /* Con1ViewSlantHeight.swift */; };
		F41EFB2720790BEF00DAFDE3 /* Con1ViewHeight.swift in Sources */ = {isa = PBXBuildFile; fileRef = F41EFB2320790BEF00DAFDE3 /* Con1ViewHeight.swift */; };
		F41EFB2D20790C1500DAFDE3 /* Rho2ViewLine.swift in Sources */ = {isa = PBXBuildFile; fileRef = F41EFB2820790C1500DAFDE3 /* Rho2ViewLine.swift */; };
		F41EFB2E20790C1500DAFDE3 /* Rho3ViewLine.swift in Sources */ = {isa = PBXBuildFile; fileRef = F41EFB2920790C1500DAFDE3 /* Rho3ViewLine.swift */; };
		F41EFB2F20790C1500DAFDE3 /* Rho1ViewRhombus.swift in Sources */ = {isa = PBXBuildFile; fileRef = F41EFB2A20790C1500DAFDE3 /* Rho1ViewRhombus.swift */; };
		F41EFB3020790C1500DAFDE3 /* Rho1ViewLine.swift in Sources */ = {isa = PBXBuildFile; fileRef = F41EFB2B20790C1500DAFDE3 /* Rho1ViewLine.swift */; };
		F41EFB3120790C1500DAFDE3 /* Rho1ViewFilling.swift in Sources */ = {isa = PBXBuildFile; fileRef = F41EFB2C20790C1500DAFDE3 /* Rho1ViewFilling.swift */; };
		F41EFB3520790C3700DAFDE3 /* Tra1ViewFilling.swift in Sources */ = {isa = PBXBuildFile; fileRef = F41EFB3220790C3700DAFDE3 /* Tra1ViewFilling.swift */; };
		F41EFB3620790C3700DAFDE3 /* Tra1ViewLine.swift in Sources */ = {isa = PBXBuildFile; fileRef = F41EFB3320790C3700DAFDE3 /* Tra1ViewLine.swift */; };
		F41EFB3720790C3700DAFDE3 /* Tra1ViewTrapezium.swift in Sources */ = {isa = PBXBuildFile; fileRef = F41EFB3420790C3700DAFDE3 /* Tra1ViewTrapezium.swift */; };
		F41EFB3C20790C5700DAFDE3 /* Pol1ViewLine.swift in Sources */ = {isa = PBXBuildFile; fileRef = F41EFB3820790C5700DAFDE3 /* Pol1ViewLine.swift */; };
		F41EFB3D20790C5700DAFDE3 /* Pol1ViewRadius.swift in Sources */ = {isa = PBXBuildFile; fileRef = F41EFB3920790C5700DAFDE3 /* Pol1ViewRadius.swift */; };
		F41EFB3E20790C5700DAFDE3 /* Pol1ViewPolygon.swift in Sources */ = {isa = PBXBuildFile; fileRef = F41EFB3A20790C5700DAFDE3 /* Pol1ViewPolygon.swift */; };
		F41EFB3F20790C5700DAFDE3 /* Pol1ViewFilling.swift in Sources */ = {isa = PBXBuildFile; fileRef = F41EFB3B20790C5700DAFDE3 /* Pol1ViewFilling.swift */; };
		F41EFB4520790C7E00DAFDE3 /* Cir3ViewSphere.swift in Sources */ = {isa = PBXBuildFile; fileRef = F41EFB4020790C7E00DAFDE3 /* Cir3ViewSphere.swift */; };
		F41EFB4620790C7E00DAFDE3 /* Cir2ViewArc.swift in Sources */ = {isa = PBXBuildFile; fileRef = F41EFB4120790C7E00DAFDE3 /* Cir2ViewArc.swift */; };
		F41EFB4720790C7E00DAFDE3 /* Cir1ViewFilling.swift in Sources */ = {isa = PBXBuildFile; fileRef = F41EFB4220790C7E00DAFDE3 /* Cir1ViewFilling.swift */; };
		F41EFB4820790C7E00DAFDE3 /* Cir1ViewCircle.swift in Sources */ = {isa = PBXBuildFile; fileRef = F41EFB4320790C7E00DAFDE3 /* Cir1ViewCircle.swift */; };
		F41EFB4920790C7E00DAFDE3 /* Cir1ViewLine.swift in Sources */ = {isa = PBXBuildFile; fileRef = F41EFB4420790C7E00DAFDE3 /* Cir1ViewLine.swift */; };
		F41EFB4D20790C9B00DAFDE3 /* Tri1ViewFilling.swift in Sources */ = {isa = PBXBuildFile; fileRef = F41EFB4A20790C9B00DAFDE3 /* Tri1ViewFilling.swift */; };
		F41EFB4E20790C9B00DAFDE3 /* Tri1ViewLine.swift in Sources */ = {isa = PBXBuildFile; fileRef = F41EFB4B20790C9B00DAFDE3 /* Tri1ViewLine.swift */; };
		F41EFB4F20790C9B00DAFDE3 /* Tri1ViewTriangle.swift in Sources */ = {isa = PBXBuildFile; fileRef = F41EFB4C20790C9B00DAFDE3 /* Tri1ViewTriangle.swift */; };
		F41EFB5A20790D3200DAFDE3 /* Par1ViewFilling.swift in Sources */ = {isa = PBXBuildFile; fileRef = F41EFB5020790D3100DAFDE3 /* Par1ViewFilling.swift */; };
		F41EFB5B20790D3200DAFDE3 /* Par1ViewRectangle.swift in Sources */ = {isa = PBXBuildFile; fileRef = F41EFB5120790D3100DAFDE3 /* Par1ViewRectangle.swift */; };
		F41EFB5C20790D3200DAFDE3 /* Par3ViewFilling.swift in Sources */ = {isa = PBXBuildFile; fileRef = F41EFB5220790D3200DAFDE3 /* Par3ViewFilling.swift */; };
		F41EFB5D20790D3200DAFDE3 /* Par3ViewParallelogram.swift in Sources */ = {isa = PBXBuildFile; fileRef = F41EFB5320790D3200DAFDE3 /* Par3ViewParallelogram.swift */; };
		F41EFB5E20790D3200DAFDE3 /* Par2ViewLine.swift in Sources */ = {isa = PBXBuildFile; fileRef = F41EFB5420790D3200DAFDE3 /* Par2ViewLine.swift */; };
		F41EFB5F20790D3200DAFDE3 /* Par1ViewLine.swift in Sources */ = {isa = PBXBuildFile; fileRef = F41EFB5520790D3200DAFDE3 /* Par1ViewLine.swift */; };
		F41EFB6020790D3200DAFDE3 /* Par2ViewSquare.swift in Sources */ = {isa = PBXBuildFile; fileRef = F41EFB5620790D3200DAFDE3 /* Par2ViewSquare.swift */; };
		F41EFB6120790D3200DAFDE3 /* Par8ViewCube1.swift in Sources */ = {isa = PBXBuildFile; fileRef = F41EFB5720790D3200DAFDE3 /* Par8ViewCube1.swift */; };
		F41EFB6220790D3200DAFDE3 /* Par2ViewFilling.swift in Sources */ = {isa = PBXBuildFile; fileRef = F41EFB5820790D3200DAFDE3 /* Par2ViewFilling.swift */; };
		F41EFB6320790D3200DAFDE3 /* Par3ViewLine.swift in Sources */ = {isa = PBXBuildFile; fileRef = F41EFB5920790D3200DAFDE3 /* Par3ViewLine.swift */; };
		F4517B922079093800B419A6 /* CalculatorVC.swift in Sources */ = {isa = PBXBuildFile; fileRef = F4517B8F2079093800B419A6 /* CalculatorVC.swift */; };
		F4517B932079093800B419A6 /* MainVC.swift in Sources */ = {isa = PBXBuildFile; fileRef = F4517B902079093800B419A6 /* MainVC.swift */; };
		F4517B942079093800B419A6 /* DetailVC.swift in Sources */ = {isa = PBXBuildFile; fileRef = F4517B912079093800B419A6 /* DetailVC.swift */; };
		F4517B98207909B700B419A6 /* DetailModel.swift in Sources */ = {isa = PBXBuildFile; fileRef = F4517B97207909B700B419A6 /* DetailModel.swift */; };
		F4C1A4E71E166CB000BDF328 /* Main.storyboard in Resources */ = {isa = PBXBuildFile; fileRef = F4C1A4E61E166CB000BDF328 /* Main.storyboard */; };
		F4FE5E2A1E158E8C009F24A6 /* AppDelegate.swift in Sources */ = {isa = PBXBuildFile; fileRef = F4FE5E291E158E8C009F24A6 /* AppDelegate.swift */; };
		F4FE5E311E158E8C009F24A6 /* Assets.xcassets in Resources */ = {isa = PBXBuildFile; fileRef = F4FE5E301E158E8C009F24A6 /* Assets.xcassets */; };
		F4FE5E341E158E8C009F24A6 /* LaunchScreen.storyboard in Resources */ = {isa = PBXBuildFile; fileRef = F4FE5E321E158E8C009F24A6 /* LaunchScreen.storyboard */; };
/* End PBXBuildFile section */

/* Begin PBXFileReference section */
		F41EFAEE20790A3000DAFDE3 /* Data.swift */ = {isa = PBXFileReference; fileEncoding = 4; lastKnownFileType = sourcecode.swift; name = Data.swift; path = Files/Data.swift; sourceTree = "<group>"; };
		F41EFAF020790A6400DAFDE3 /* DetailCell.swift */ = {isa = PBXFileReference; fileEncoding = 4; lastKnownFileType = sourcecode.swift; name = DetailCell.swift; path = Views/DetailCell.swift; sourceTree = "<group>"; };
		F41EFAF220790B6200DAFDE3 /* Ana1ViewPoints.swift */ = {isa = PBXFileReference; fileEncoding = 4; lastKnownFileType = sourcecode.swift; name = Ana1ViewPoints.swift; path = Views/Analytical/Ana1ViewPoints.swift; sourceTree = "<group>"; };
		F41EFAF320790B6200DAFDE3 /* Ana2ViewPoints.swift */ = {isa = PBXFileReference; fileEncoding = 4; lastKnownFileType = sourcecode.swift; name = Ana2ViewPoints.swift; path = Views/Analytical/Ana2ViewPoints.swift; sourceTree = "<group>"; };
		F41EFAF420790B6200DAFDE3 /* Ana3ViewCoordinates_Y.swift */ = {isa = PBXFileReference; fileEncoding = 4; lastKnownFileType = sourcecode.swift; name = Ana3ViewCoordinates_Y.swift; path = Views/Analytical/Ana3ViewCoordinates_Y.swift; sourceTree = "<group>"; };
		F41EFAF520790B6200DAFDE3 /* Ana3ViewLine.swift */ = {isa = PBXFileReference; fileEncoding = 4; lastKnownFileType = sourcecode.swift; name = Ana3ViewLine.swift; path = Views/Analytical/Ana3ViewLine.swift; sourceTree = "<group>"; };
		F41EFAF620790B6200DAFDE3 /* Ana2ViewCoordinates.swift */ = {isa = PBXFileReference; fileEncoding = 4; lastKnownFileType = sourcecode.swift; name = Ana2ViewCoordinates.swift; path = Views/Analytical/Ana2ViewCoordinates.swift; sourceTree = "<group>"; };
		F41EFAF720790B6200DAFDE3 /* Ana3ViewPoint1.swift */ = {isa = PBXFileReference; fileEncoding = 4; lastKnownFileType = sourcecode.swift; name = Ana3ViewPoint1.swift; path = Views/Analytical/Ana3ViewPoint1.swift; sourceTree = "<group>"; };
		F41EFAF820790B6200DAFDE3 /* Ana1ViewCoordinates.swift */ = {isa = PBXFileReference; fileEncoding = 4; lastKnownFileType = sourcecode.swift; name = Ana1ViewCoordinates.swift; path = Views/Analytical/Ana1ViewCoordinates.swift; sourceTree = "<group>"; };
		F41EFAF920790B6200DAFDE3 /* Ana3ViewPoint2.swift */ = {isa = PBXFileReference; fileEncoding = 4; lastKnownFileType = sourcecode.swift; name = Ana3ViewPoint2.swift; path = Views/Analytical/Ana3ViewPoint2.swift; sourceTree = "<group>"; };
		F41EFAFA20790B6200DAFDE3 /* Ana3ViewCoordinates_Z.swift */ = {isa = PBXFileReference; fileEncoding = 4; lastKnownFileType = sourcecode.swift; name = Ana3ViewCoordinates_Z.swift; path = Views/Analytical/Ana3ViewCoordinates_Z.swift; sourceTree = "<group>"; };
		F41EFAFB20790B6200DAFDE3 /* Ana1ViewLine.swift */ = {isa = PBXFileReference; fileEncoding = 4; lastKnownFileType = sourcecode.swift; name = Ana1ViewLine.swift; path = Views/Analytical/Ana1ViewLine.swift; sourceTree = "<group>"; };
		F41EFAFC20790B6300DAFDE3 /* Ana3ViewCoordinates_X.swift */ = {isa = PBXFileReference; fileEncoding = 4; lastKnownFileType = sourcecode.swift; name = Ana3ViewCoordinates_X.swift; path = Views/Analytical/Ana3ViewCoordinates_X.swift; sourceTree = "<group>"; };
		F41EFB0820790BA000DAFDE3 /* Ell3ViewFilling.swift */ = {isa = PBXFileReference; fileEncoding = 4; lastKnownFileType = sourcecode.swift; name = Ell3ViewFilling.swift; path = Views/Ellipse/Ell3ViewFilling.swift; sourceTree = "<group>"; };
		F41EFB0920790BA000DAFDE3 /* Ell3ViewPerimeter.swift */ = {isa = PBXFileReference; fileEncoding = 4; lastKnownFileType = sourcecode.swift; name = Ell3ViewPerimeter.swift; path = Views/Ellipse/Ell3ViewPerimeter.swift; sourceTree = "<group>"; };
		F41EFB0A20790BA000DAFDE3 /* Ell3ViewRadius1.swift */ = {isa = PBXFileReference; fileEncoding = 4; lastKnownFileType = sourcecode.swift; name = Ell3ViewRadius1.swift; path = Views/Ellipse/Ell3ViewRadius1.swift; sourceTree = "<group>"; };
		F41EFB0B20790BA000DAFDE3 /* Ell1ViewFilling.swift */ = {isa = PBXFileReference; fileEncoding = 4; lastKnownFileType = sourcecode.swift; name = Ell1ViewFilling.swift; path = Views/Ellipse/Ell1ViewFilling.swift; sourceTree = "<group>"; };
		F41EFB0C20790BA000DAFDE3 /* Ell1ViewPerimeter.swift */ = {isa = PBXFileReference; fileEncoding = 4; lastKnownFileType = sourcecode.swift; name = Ell1ViewPerimeter.swift; path = Views/Ellipse/Ell1ViewPerimeter.swift; sourceTree = "<group>"; };
		F41EFB0D20790BA000DAFDE3 /* Ell3ViewRadius2.swift */ = {isa = PBXFileReference; fileEncoding = 4; lastKnownFileType = sourcecode.swift; name = Ell3ViewRadius2.swift; path = Views/Ellipse/Ell3ViewRadius2.swift; sourceTree = "<group>"; };
		F41EFB0E20790BA000DAFDE3 /* Ell3ViewRadius3.swift */ = {isa = PBXFileReference; fileEncoding = 4; lastKnownFileType = sourcecode.swift; name = Ell3ViewRadius3.swift; path = Views/Ellipse/Ell3ViewRadius3.swift; sourceTree = "<group>"; };
		F41EFB0F20790BA000DAFDE3 /* Ell1ViewRadius2.swift */ = {isa = PBXFileReference; fileEncoding = 4; lastKnownFileType = sourcecode.swift; name = Ell1ViewRadius2.swift; path = Views/Ellipse/Ell1ViewRadius2.swift; sourceTree = "<group>"; };
		F41EFB1020790BA000DAFDE3 /* Ell1ViewRadius1.swift */ = {isa = PBXFileReference; fileEncoding = 4; lastKnownFileType = sourcecode.swift; name = Ell1ViewRadius1.swift; path = Views/Ellipse/Ell1ViewRadius1.swift; sourceTree = "<group>"; };
		F41EFB1A20790BCE00DAFDE3 /* Cyl1ViewFilling.swift */ = {isa = PBXFileReference; fileEncoding = 4; lastKnownFileType = sourcecode.swift; name = Cyl1ViewFilling.swift; path = Views/Cylinder/Cyl1ViewFilling.swift; sourceTree = "<group>"; };
		F41EFB1B20790BCE00DAFDE3 /* Cyl1ViewRadius.swift */ = {isa = PBXFileReference; fileEncoding = 4; lastKnownFileType = sourcecode.swift; name = Cyl1ViewRadius.swift; path = Views/Cylinder/Cyl1ViewRadius.swift; sourceTree = "<group>"; };
		F41EFB1C20790BCE00DAFDE3 /* Cyl1ViewHeight.swift */ = {isa = PBXFileReference; fileEncoding = 4; lastKnownFileType = sourcecode.swift; name = Cyl1ViewHeight.swift; path = Views/Cylinder/Cyl1ViewHeight.swift; sourceTree = "<group>"; };
		F41EFB2020790BEF00DAFDE3 /* Con1ViewFilling.swift */ = {isa = PBXFileReference; fileEncoding = 4; lastKnownFileType = sourcecode.swift; name = Con1ViewFilling.swift; path = Views/Cone/Con1ViewFilling.swift; sourceTree = "<group>"; };
		F41EFB2120790BEF00DAFDE3 /* Con1ViewRadius.swift */ = {isa = PBXFileReference; fileEncoding = 4; lastKnownFileType = sourcecode.swift; name = Con1ViewRadius.swift; path = Views/Cone/Con1ViewRadius.swift; sourceTree = "<group>"; };
		F41EFB2220790BEF00DAFDE3 /* Con1ViewSlantHeight.swift */ = {isa = PBXFileReference; fileEncoding = 4; lastKnownFileType = sourcecode.swift; name = Con1ViewSlantHeight.swift; path = Views/Cone/Con1ViewSlantHeight.swift; sourceTree = "<group>"; };
		F41EFB2320790BEF00DAFDE3 /* Con1ViewHeight.swift */ = {isa = PBXFileReference; fileEncoding = 4; lastKnownFileType = sourcecode.swift; name = Con1ViewHeight.swift; path = Views/Cone/Con1ViewHeight.swift; sourceTree = "<group>"; };
		F41EFB2820790C1500DAFDE3 /* Rho2ViewLine.swift */ = {isa = PBXFileReference; fileEncoding = 4; lastKnownFileType = sourcecode.swift; name = Rho2ViewLine.swift; path = Views/Rhombus/Rho2ViewLine.swift; sourceTree = "<group>"; };
		F41EFB2920790C1500DAFDE3 /* Rho3ViewLine.swift */ = {isa = PBXFileReference; fileEncoding = 4; lastKnownFileType = sourcecode.swift; name = Rho3ViewLine.swift; path = Views/Rhombus/Rho3ViewLine.swift; sourceTree = "<group>"; };
		F41EFB2A20790C1500DAFDE3 /* Rho1ViewRhombus.swift */ = {isa = PBXFileReference; fileEncoding = 4; lastKnownFileType = sourcecode.swift; name = Rho1ViewRhombus.swift; path = Views/Rhombus/Rho1ViewRhombus.swift; sourceTree = "<group>"; };
		F41EFB2B20790C1500DAFDE3 /* Rho1ViewLine.swift */ = {isa = PBXFileReference; fileEncoding = 4; lastKnownFileType = sourcecode.swift; name = Rho1ViewLine.swift; path = Views/Rhombus/Rho1ViewLine.swift; sourceTree = "<group>"; };
		F41EFB2C20790C1500DAFDE3 /* Rho1ViewFilling.swift */ = {isa = PBXFileReference; fileEncoding = 4; lastKnownFileType = sourcecode.swift; name = Rho1ViewFilling.swift; path = Views/Rhombus/Rho1ViewFilling.swift; sourceTree = "<group>"; };
		F41EFB3220790C3700DAFDE3 /* Tra1ViewFilling.swift */ = {isa = PBXFileReference; fileEncoding = 4; lastKnownFileType = sourcecode.swift; name = Tra1ViewFilling.swift; path = Views/Trapezium/Tra1ViewFilling.swift; sourceTree = "<group>"; };
		F41EFB3320790C3700DAFDE3 /* Tra1ViewLine.swift */ = {isa = PBXFileReference; fileEncoding = 4; lastKnownFileType = sourcecode.swift; name = Tra1ViewLine.swift; path = Views/Trapezium/Tra1ViewLine.swift; sourceTree = "<group>"; };
		F41EFB3420790C3700DAFDE3 /* Tra1ViewTrapezium.swift */ = {isa = PBXFileReference; fileEncoding = 4; lastKnownFileType = sourcecode.swift; name = Tra1ViewTrapezium.swift; path = Views/Trapezium/Tra1ViewTrapezium.swift; sourceTree = "<group>"; };
		F41EFB3820790C5700DAFDE3 /* Pol1ViewLine.swift */ = {isa = PBXFileReference; fileEncoding = 4; lastKnownFileType = sourcecode.swift; name = Pol1ViewLine.swift; path = Views/Polygon/Pol1ViewLine.swift; sourceTree = "<group>"; };
		F41EFB3920790C5700DAFDE3 /* Pol1ViewRadius.swift */ = {isa = PBXFileReference; fileEncoding = 4; lastKnownFileType = sourcecode.swift; name = Pol1ViewRadius.swift; path = Views/Polygon/Pol1ViewRadius.swift; sourceTree = "<group>"; };
		F41EFB3A20790C5700DAFDE3 /* Pol1ViewPolygon.swift */ = {isa = PBXFileReference; fileEncoding = 4; lastKnownFileType = sourcecode.swift; name = Pol1ViewPolygon.swift; path = Views/Polygon/Pol1ViewPolygon.swift; sourceTree = "<group>"; };
		F41EFB3B20790C5700DAFDE3 /* Pol1ViewFilling.swift */ = {isa = PBXFileReference; fileEncoding = 4; lastKnownFileType = sourcecode.swift; name = Pol1ViewFilling.swift; path = Views/Polygon/Pol1ViewFilling.swift; sourceTree = "<group>"; };
		F41EFB4020790C7E00DAFDE3 /* Cir3ViewSphere.swift */ = {isa = PBXFileReference; fileEncoding = 4; lastKnownFileType = sourcecode.swift; name = Cir3ViewSphere.swift; path = Views/Circle/Cir3ViewSphere.swift; sourceTree = "<group>"; };
		F41EFB4120790C7E00DAFDE3 /* Cir2ViewArc.swift */ = {isa = PBXFileReference; fileEncoding = 4; lastKnownFileType = sourcecode.swift; name = Cir2ViewArc.swift; path = Views/Circle/Cir2ViewArc.swift; sourceTree = "<group>"; };
		F41EFB4220790C7E00DAFDE3 /* Cir1ViewFilling.swift */ = {isa = PBXFileReference; fileEncoding = 4; lastKnownFileType = sourcecode.swift; name = Cir1ViewFilling.swift; path = Views/Circle/Cir1ViewFilling.swift; sourceTree = "<group>"; };
		F41EFB4320790C7E00DAFDE3 /* Cir1ViewCircle.swift */ = {isa = PBXFileReference; fileEncoding = 4; lastKnownFileType = sourcecode.swift; name = Cir1ViewCircle.swift; path = Views/Circle/Cir1ViewCircle.swift; sourceTree = "<group>"; };
		F41EFB4420790C7E00DAFDE3 /* Cir1ViewLine.swift */ = {isa = PBXFileReference; fileEncoding = 4; lastKnownFileType = sourcecode.swift; name = Cir1ViewLine.swift; path = Views/Circle/Cir1ViewLine.swift; sourceTree = "<group>"; };
		F41EFB4A20790C9B00DAFDE3 /* Tri1ViewFilling.swift */ = {isa = PBXFileReference; fileEncoding = 4; lastKnownFileType = sourcecode.swift; name = Tri1ViewFilling.swift; path = Views/Triangle/Tri1ViewFilling.swift; sourceTree = "<group>"; };
		F41EFB4B20790C9B00DAFDE3 /* Tri1ViewLine.swift */ = {isa = PBXFileReference; fileEncoding = 4; lastKnownFileType = sourcecode.swift; name = Tri1ViewLine.swift; path = Views/Triangle/Tri1ViewLine.swift; sourceTree = "<group>"; };
		F41EFB4C20790C9B00DAFDE3 /* Tri1ViewTriangle.swift */ = {isa = PBXFileReference; fileEncoding = 4; lastKnownFileType = sourcecode.swift; name = Tri1ViewTriangle.swift; path = Views/Triangle/Tri1ViewTriangle.swift; sourceTree = "<group>"; };
		F41EFB5020790D3100DAFDE3 /* Par1ViewFilling.swift */ = {isa = PBXFileReference; fileEncoding = 4; lastKnownFileType = sourcecode.swift; name = Par1ViewFilling.swift; path = Views/Parallelograms/Par1ViewFilling.swift; sourceTree = "<group>"; };
		F41EFB5120790D3100DAFDE3 /* Par1ViewRectangle.swift */ = {isa = PBXFileReference; fileEncoding = 4; lastKnownFileType = sourcecode.swift; name = Par1ViewRectangle.swift; path = Views/Parallelograms/Par1ViewRectangle.swift; sourceTree = "<group>"; };
		F41EFB5220790D3200DAFDE3 /* Par3ViewFilling.swift */ = {isa = PBXFileReference; fileEncoding = 4; lastKnownFileType = sourcecode.swift; name = Par3ViewFilling.swift; path = Views/Parallelograms/Par3ViewFilling.swift; sourceTree = "<group>"; };
		F41EFB5320790D3200DAFDE3 /* Par3ViewParallelogram.swift */ = {isa = PBXFileReference; fileEncoding = 4; lastKnownFileType = sourcecode.swift; name = Par3ViewParallelogram.swift; path = Views/Parallelograms/Par3ViewParallelogram.swift; sourceTree = "<group>"; };
		F41EFB5420790D3200DAFDE3 /* Par2ViewLine.swift */ = {isa = PBXFileReference; fileEncoding = 4; lastKnownFileType = sourcecode.swift; name = Par2ViewLine.swift; path = Views/Parallelograms/Par2ViewLine.swift; sourceTree = "<group>"; };
		F41EFB5520790D3200DAFDE3 /* Par1ViewLine.swift */ = {isa = PBXFileReference; fileEncoding = 4; lastKnownFileType = sourcecode.swift; name = Par1ViewLine.swift; path = Views/Parallelograms/Par1ViewLine.swift; sourceTree = "<group>"; };
		F41EFB5620790D3200DAFDE3 /* Par2ViewSquare.swift */ = {isa = PBXFileReference; fileEncoding = 4; lastKnownFileType = sourcecode.swift; name = Par2ViewSquare.swift; path = Views/Parallelograms/Par2ViewSquare.swift; sourceTree = "<group>"; };
		F41EFB5720790D3200DAFDE3 /* Par8ViewCube1.swift */ = {isa = PBXFileReference; fileEncoding = 4; lastKnownFileType = sourcecode.swift; name = Par8ViewCube1.swift; path = Views/Parallelograms/Par8ViewCube1.swift; sourceTree = "<group>"; };
		F41EFB5820790D3200DAFDE3 /* Par2ViewFilling.swift */ = {isa = PBXFileReference; fileEncoding = 4; lastKnownFileType = sourcecode.swift; name = Par2ViewFilling.swift; path = Views/Parallelograms/Par2ViewFilling.swift; sourceTree = "<group>"; };
		F41EFB5920790D3200DAFDE3 /* Par3ViewLine.swift */ = {isa = PBXFileReference; fileEncoding = 4; lastKnownFileType = sourcecode.swift; name = Par3ViewLine.swift; path = Views/Parallelograms/Par3ViewLine.swift; sourceTree = "<group>"; };
		F4517B8F2079093800B419A6 /* CalculatorVC.swift */ = {isa = PBXFileReference; fileEncoding = 4; lastKnownFileType = sourcecode.swift; name = CalculatorVC.swift; path = Controllers/CalculatorVC.swift; sourceTree = "<group>"; };
		F4517B902079093800B419A6 /* MainVC.swift */ = {isa = PBXFileReference; fileEncoding = 4; lastKnownFileType = sourcecode.swift; name = MainVC.swift; path = Controllers/MainVC.swift; sourceTree = "<group>"; };
		F4517B912079093800B419A6 /* DetailVC.swift */ = {isa = PBXFileReference; fileEncoding = 4; lastKnownFileType = sourcecode.swift; name = DetailVC.swift; path = Controllers/DetailVC.swift; sourceTree = "<group>"; };
		F4517B97207909B700B419A6 /* DetailModel.swift */ = {isa = PBXFileReference; fileEncoding = 4; lastKnownFileType = sourcecode.swift; name = DetailModel.swift; path = Models/DetailModel.swift; sourceTree = "<group>"; };
		F4C1A4E61E166CB000BDF328 /* Main.storyboard */ = {isa = PBXFileReference; fileEncoding = 4; lastKnownFileType = file.storyboard; path = Main.storyboard; sourceTree = "<group>"; };
		F4FE5E261E158E8C009F24A6 /* Core Geometry.app */ = {isa = PBXFileReference; explicitFileType = wrapper.application; includeInIndex = 0; path = "Core Geometry.app"; sourceTree = BUILT_PRODUCTS_DIR; };
		F4FE5E291E158E8C009F24A6 /* AppDelegate.swift */ = {isa = PBXFileReference; lastKnownFileType = sourcecode.swift; path = AppDelegate.swift; sourceTree = "<group>"; };
		F4FE5E301E158E8C009F24A6 /* Assets.xcassets */ = {isa = PBXFileReference; lastKnownFileType = folder.assetcatalog; path = Assets.xcassets; sourceTree = "<group>"; };
		F4FE5E331E158E8C009F24A6 /* Base */ = {isa = PBXFileReference; lastKnownFileType = file.storyboard; name = Base; path = Base.lproj/LaunchScreen.storyboard; sourceTree = "<group>"; };
		F4FE5E351E158E8C009F24A6 /* Info.plist */ = {isa = PBXFileReference; lastKnownFileType = text.plist.xml; path = Info.plist; sourceTree = "<group>"; };
/* End PBXFileReference section */

/* Begin PBXFrameworksBuildPhase section */
		F4FE5E231E158E8C009F24A6 /* Frameworks */ = {
			isa = PBXFrameworksBuildPhase;
			buildActionMask = 2147483647;
			files = (
			);
			runOnlyForDeploymentPostprocessing = 0;
		};
/* End PBXFrameworksBuildPhase section */

/* Begin PBXGroup section */
		F41443EE1E2BB851004F5139 /* Circle */ = {
			isa = PBXGroup;
			children = (
				F41EFB4320790C7E00DAFDE3 /* Cir1ViewCircle.swift */,
				F41EFB4220790C7E00DAFDE3 /* Cir1ViewFilling.swift */,
				F41EFB4420790C7E00DAFDE3 /* Cir1ViewLine.swift */,
				F41EFB4120790C7E00DAFDE3 /* Cir2ViewArc.swift */,
				F41EFB4020790C7E00DAFDE3 /* Cir3ViewSphere.swift */,
			);
			name = Circle;
			sourceTree = "<group>";
		};
		F41802161E17FC4500E70714 /* Files */ = {
			isa = PBXGroup;
			children = (
				F41EFAEE20790A3000DAFDE3 /* Data.swift */,
			);
			name = Files;
			sourceTree = "<group>";
		};
		F41802171E17FC5000E70714 /* Models */ = {
			isa = PBXGroup;
			children = (
				F4517B97207909B700B419A6 /* DetailModel.swift */,
			);
			name = Models;
			sourceTree = "<group>";
		};
		F41802181E17FC5800E70714 /* Views */ = {
			isa = PBXGroup;
			children = (
				F41EFAF020790A6400DAFDE3 /* DetailCell.swift */,
				F44B51041E2A763400F7A589 /* Parallelograms */,
				F44B51051E2A764E00F7A589 /* Triangle */,
				F41443EE1E2BB851004F5139 /* Circle */,
				F4F2C5C81E2D1AE2006DD05B /* Polygon */,
				F42F2B8F1E2D270700538DC0 /* Trapezium */,
				F42F2B961E2D3D7E00538DC0 /* Rhombus */,
				F4369F571E2D482700E6A04A /* Cone */,
				F41B41271E32715100EAFF19 /* Cylinder */,
				F41B412E1E327A4B00EAFF19 /* Ellipse */,
				F477A6241E34BF40002B9D7A /* Analytical */,
			);
			name = Views;
			sourceTree = "<group>";
		};
		F41802191E17FC6200E70714 /* Controllers */ = {
			isa = PBXGroup;
			children = (
				F4517B8F2079093800B419A6 /* CalculatorVC.swift */,
				F4517B912079093800B419A6 /* DetailVC.swift */,
				F4517B902079093800B419A6 /* MainVC.swift */,
			);
			name = Controllers;
			sourceTree = "<group>";
		};
		F41B41271E32715100EAFF19 /* Cylinder */ = {
			isa = PBXGroup;
			children = (
				F41EFB1A20790BCE00DAFDE3 /* Cyl1ViewFilling.swift */,
				F41EFB1C20790BCE00DAFDE3 /* Cyl1ViewHeight.swift */,
				F41EFB1B20790BCE00DAFDE3 /* Cyl1ViewRadius.swift */,
			);
			name = Cylinder;
			sourceTree = "<group>";
		};
		F41B412E1E327A4B00EAFF19 /* Ellipse */ = {
			isa = PBXGroup;
			children = (
				F41EFB0B20790BA000DAFDE3 /* Ell1ViewFilling.swift */,
				F41EFB0C20790BA000DAFDE3 /* Ell1ViewPerimeter.swift */,
				F41EFB1020790BA000DAFDE3 /* Ell1ViewRadius1.swift */,
				F41EFB0F20790BA000DAFDE3 /* Ell1ViewRadius2.swift */,
				F41EFB0820790BA000DAFDE3 /* Ell3ViewFilling.swift */,
				F41EFB0920790BA000DAFDE3 /* Ell3ViewPerimeter.swift */,
				F41EFB0A20790BA000DAFDE3 /* Ell3ViewRadius1.swift */,
				F41EFB0D20790BA000DAFDE3 /* Ell3ViewRadius2.swift */,
				F41EFB0E20790BA000DAFDE3 /* Ell3ViewRadius3.swift */,
			);
			name = Ellipse;
			sourceTree = "<group>";
		};
		F42F2B8F1E2D270700538DC0 /* Trapezium */ = {
			isa = PBXGroup;
			children = (
				F41EFB3220790C3700DAFDE3 /* Tra1ViewFilling.swift */,
				F41EFB3320790C3700DAFDE3 /* Tra1ViewLine.swift */,
				F41EFB3420790C3700DAFDE3 /* Tra1ViewTrapezium.swift */,
			);
			name = Trapezium;
			sourceTree = "<group>";
		};
		F42F2B961E2D3D7E00538DC0 /* Rhombus */ = {
			isa = PBXGroup;
			children = (
				F41EFB2C20790C1500DAFDE3 /* Rho1ViewFilling.swift */,
				F41EFB2B20790C1500DAFDE3 /* Rho1ViewLine.swift */,
				F41EFB2A20790C1500DAFDE3 /* Rho1ViewRhombus.swift */,
				F41EFB2820790C1500DAFDE3 /* Rho2ViewLine.swift */,
				F41EFB2920790C1500DAFDE3 /* Rho3ViewLine.swift */,
			);
			name = Rhombus;
			sourceTree = "<group>";
		};
		F4369F571E2D482700E6A04A /* Cone */ = {
			isa = PBXGroup;
			children = (
				F41EFB2020790BEF00DAFDE3 /* Con1ViewFilling.swift */,
				F41EFB2320790BEF00DAFDE3 /* Con1ViewHeight.swift */,
				F41EFB2120790BEF00DAFDE3 /* Con1ViewRadius.swift */,
				F41EFB2220790BEF00DAFDE3 /* Con1ViewSlantHeight.swift */,
			);
			name = Cone;
			sourceTree = "<group>";
		};
		F44B51041E2A763400F7A589 /* Parallelograms */ = {
			isa = PBXGroup;
			children = (
				F41EFB5020790D3100DAFDE3 /* Par1ViewFilling.swift */,
				F41EFB5520790D3200DAFDE3 /* Par1ViewLine.swift */,
				F41EFB5120790D3100DAFDE3 /* Par1ViewRectangle.swift */,
				F41EFB5820790D3200DAFDE3 /* Par2ViewFilling.swift */,
				F41EFB5420790D3200DAFDE3 /* Par2ViewLine.swift */,
				F41EFB5620790D3200DAFDE3 /* Par2ViewSquare.swift */,
				F41EFB5220790D3200DAFDE3 /* Par3ViewFilling.swift */,
				F41EFB5920790D3200DAFDE3 /* Par3ViewLine.swift */,
				F41EFB5320790D3200DAFDE3 /* Par3ViewParallelogram.swift */,
				F41EFB5720790D3200DAFDE3 /* Par8ViewCube1.swift */,
			);
			name = Parallelograms;
			sourceTree = "<group>";
		};
		F44B51051E2A764E00F7A589 /* Triangle */ = {
			isa = PBXGroup;
			children = (
				F41EFB4A20790C9B00DAFDE3 /* Tri1ViewFilling.swift */,
				F41EFB4B20790C9B00DAFDE3 /* Tri1ViewLine.swift */,
				F41EFB4C20790C9B00DAFDE3 /* Tri1ViewTriangle.swift */,
			);
			name = Triangle;
			sourceTree = "<group>";
		};
		F477A6241E34BF40002B9D7A /* Analytical */ = {
			isa = PBXGroup;
			children = (
				F41EFAF820790B6200DAFDE3 /* Ana1ViewCoordinates.swift */,
				F41EFAFB20790B6200DAFDE3 /* Ana1ViewLine.swift */,
				F41EFAF220790B6200DAFDE3 /* Ana1ViewPoints.swift */,
				F41EFAF620790B6200DAFDE3 /* Ana2ViewCoordinates.swift */,
				F41EFAF320790B6200DAFDE3 /* Ana2ViewPoints.swift */,
				F41EFAFC20790B6300DAFDE3 /* Ana3ViewCoordinates_X.swift */,
				F41EFAF420790B6200DAFDE3 /* Ana3ViewCoordinates_Y.swift */,
				F41EFAFA20790B6200DAFDE3 /* Ana3ViewCoordinates_Z.swift */,
				F41EFAF520790B6200DAFDE3 /* Ana3ViewLine.swift */,
				F41EFAF720790B6200DAFDE3 /* Ana3ViewPoint1.swift */,
				F41EFAF920790B6200DAFDE3 /* Ana3ViewPoint2.swift */,
			);
			name = Analytical;
			sourceTree = "<group>";
		};
		F4F2C5C81E2D1AE2006DD05B /* Polygon */ = {
			isa = PBXGroup;
			children = (
				F41EFB3B20790C5700DAFDE3 /* Pol1ViewFilling.swift */,
				F41EFB3820790C5700DAFDE3 /* Pol1ViewLine.swift */,
				F41EFB3A20790C5700DAFDE3 /* Pol1ViewPolygon.swift */,
				F41EFB3920790C5700DAFDE3 /* Pol1ViewRadius.swift */,
			);
			name = Polygon;
			sourceTree = "<group>";
		};
		F4FE5E1D1E158E8C009F24A6 = {
			isa = PBXGroup;
			children = (
				F4FE5E281E158E8C009F24A6 /* Core Geometry */,
				F4FE5E271E158E8C009F24A6 /* Products */,
			);
			sourceTree = "<group>";
		};
		F4FE5E271E158E8C009F24A6 /* Products */ = {
			isa = PBXGroup;
			children = (
				F4FE5E261E158E8C009F24A6 /* Core Geometry.app */,
			);
			name = Products;
			sourceTree = "<group>";
		};
		F4FE5E281E158E8C009F24A6 /* Core Geometry */ = {
			isa = PBXGroup;
			children = (
				F4FE5E291E158E8C009F24A6 /* AppDelegate.swift */,
				F41802161E17FC4500E70714 /* Files */,
				F41802171E17FC5000E70714 /* Models */,
				F41802181E17FC5800E70714 /* Views */,
				F41802191E17FC6200E70714 /* Controllers */,
				F4C1A4E61E166CB000BDF328 /* Main.storyboard */,
				F4FE5E321E158E8C009F24A6 /* LaunchScreen.storyboard */,
				F4FE5E301E158E8C009F24A6 /* Assets.xcassets */,
				F4FE5E351E158E8C009F24A6 /* Info.plist */,
			);
			path = "Core Geometry";
			sourceTree = "<group>";
		};
/* End PBXGroup section */

/* Begin PBXNativeTarget section */
		F4FE5E251E158E8C009F24A6 /* Core Geometry */ = {
			isa = PBXNativeTarget;
			buildConfigurationList = F4FE5E381E158E8C009F24A6 /* Build configuration list for PBXNativeTarget "Core Geometry" */;
			buildPhases = (
				F4FE5E221E158E8C009F24A6 /* Sources */,
				F4FE5E231E158E8C009F24A6 /* Frameworks */,
				F4FE5E241E158E8C009F24A6 /* Resources */,
			);
			buildRules = (
			);
			dependencies = (
			);
			name = "Core Geometry";
			productName = "Core Geometry";
			productReference = F4FE5E261E158E8C009F24A6 /* Core Geometry.app */;
			productType = "com.apple.product-type.application";
		};
/* End PBXNativeTarget section */

/* Begin PBXProject section */
		F4FE5E1E1E158E8C009F24A6 /* Project object */ = {
			isa = PBXProject;
			attributes = {
				LastSwiftUpdateCheck = 0820;
				LastUpgradeCheck = 0930;
				ORGANIZATIONNAME = "Fotios Tragopoulos";
				TargetAttributes = {
					F4FE5E251E158E8C009F24A6 = {
						CreatedOnToolsVersion = 8.2.1;
						DevelopmentTeam = KUPZ8W8CSU;
						LastSwiftMigration = 0930;
						ProvisioningStyle = Automatic;
					};
				};
			};
			buildConfigurationList = F4FE5E211E158E8C009F24A6 /* Build configuration list for PBXProject "Core Geometry" */;
			compatibilityVersion = "Xcode 3.2";
			developmentRegion = English;
			hasScannedForEncodings = 0;
			knownRegions = (
				en,
				Base,
			);
			mainGroup = F4FE5E1D1E158E8C009F24A6;
			productRefGroup = F4FE5E271E158E8C009F24A6 /* Products */;
			projectDirPath = "";
			projectRoot = "";
			targets = (
				F4FE5E251E158E8C009F24A6 /* Core Geometry */,
			);
		};
/* End PBXProject section */

/* Begin PBXResourcesBuildPhase section */
		F4FE5E241E158E8C009F24A6 /* Resources */ = {
			isa = PBXResourcesBuildPhase;
			buildActionMask = 2147483647;
			files = (
				F4C1A4E71E166CB000BDF328 /* Main.storyboard in Resources */,
				F4FE5E341E158E8C009F24A6 /* LaunchScreen.storyboard in Resources */,
				F4FE5E311E158E8C009F24A6 /* Assets.xcassets in Resources */,
			);
			runOnlyForDeploymentPostprocessing = 0;
		};
/* End PBXResourcesBuildPhase section */

/* Begin PBXSourcesBuildPhase section */
		F4FE5E221E158E8C009F24A6 /* Sources */ = {
			isa = PBXSourcesBuildPhase;
			buildActionMask = 2147483647;
			files = (
				F41EFB0120790B6300DAFDE3 /* Ana2ViewCoordinates.swift in Sources */,
				F41EFB1D20790BCE00DAFDE3 /* Cyl1ViewFilling.swift in Sources */,
				F4517B922079093800B419A6 /* CalculatorVC.swift in Sources */,
				F41EFB4620790C7E00DAFDE3 /* Cir2ViewArc.swift in Sources */,
				F41EFB6020790D3200DAFDE3 /* Par2ViewSquare.swift in Sources */,
				F41EFB0720790B6300DAFDE3 /* Ana3ViewCoordinates_X.swift in Sources */,
				F41EFB0320790B6300DAFDE3 /* Ana1ViewCoordinates.swift in Sources */,
				F41EFB5D20790D3200DAFDE3 /* Par3ViewParallelogram.swift in Sources */,
				F41EFB5A20790D3200DAFDE3 /* Par1ViewFilling.swift in Sources */,
				F41EFB1320790BA100DAFDE3 /* Ell3ViewRadius1.swift in Sources */,
				F41EFB2620790BEF00DAFDE3 /* Con1ViewSlantHeight.swift in Sources */,
				F4517B932079093800B419A6 /* MainVC.swift in Sources */,
				F41EFB0520790B6300DAFDE3 /* Ana3ViewCoordinates_Z.swift in Sources */,
				F41EFB2F20790C1500DAFDE3 /* Rho1ViewRhombus.swift in Sources */,
				F41EFB0620790B6300DAFDE3 /* Ana1ViewLine.swift in Sources */,
				F41EFB1720790BA100DAFDE3 /* Ell3ViewRadius3.swift in Sources */,
				F4517B942079093800B419A6 /* DetailVC.swift in Sources */,
				F41EFAFD20790B6300DAFDE3 /* Ana1ViewPoints.swift in Sources */,
				F41EFAFE20790B6300DAFDE3 /* Ana2ViewPoints.swift in Sources */,
				F41EFB3520790C3700DAFDE3 /* Tra1ViewFilling.swift in Sources */,
				F41EFB0220790B6300DAFDE3 /* Ana3ViewPoint1.swift in Sources */,
				F41EFB5F20790D3200DAFDE3 /* Par1ViewLine.swift in Sources */,
				F41EFB0020790B6300DAFDE3 /* Ana3ViewLine.swift in Sources */,
				F41EFB5C20790D3200DAFDE3 /* Par3ViewFilling.swift in Sources */,
				F41EFAEF20790A3000DAFDE3 /* Data.swift in Sources */,
				F41EFB1420790BA100DAFDE3 /* Ell1ViewFilling.swift in Sources */,
				F41EFB4720790C7E00DAFDE3 /* Cir1ViewFilling.swift in Sources */,
				F41EFB1520790BA100DAFDE3 /* Ell1ViewPerimeter.swift in Sources */,
				F41EFB4920790C7E00DAFDE3 /* Cir1ViewLine.swift in Sources */,
				F41EFB1620790BA100DAFDE3 /* Ell3ViewRadius2.swift in Sources */,
				F41EFB2520790BEF00DAFDE3 /* Con1ViewRadius.swift in Sources */,
				F41EFB0420790B6300DAFDE3 /* Ana3ViewPoint2.swift in Sources */,
				F41EFB4F20790C9B00DAFDE3 /* Tri1ViewTriangle.swift in Sources */,
				F41EFB2420790BEF00DAFDE3 /* Con1ViewFilling.swift in Sources */,
				F41EFB5B20790D3200DAFDE3 /* Par1ViewRectangle.swift in Sources */,
				F41EFB1220790BA100DAFDE3 /* Ell3ViewPerimeter.swift in Sources */,
				F41EFB4D20790C9B00DAFDE3 /* Tri1ViewFilling.swift in Sources */,
				F41EFB3720790C3700DAFDE3 /* Tra1ViewTrapezium.swift in Sources */,
				F41EFB6320790D3200DAFDE3 /* Par3ViewLine.swift in Sources */,
				F41EFB4820790C7E00DAFDE3 /* Cir1ViewCircle.swift in Sources */,
				F41EFB3120790C1500DAFDE3 /* Rho1ViewFilling.swift in Sources */,
				F41EFB1820790BA100DAFDE3 /* Ell1ViewRadius2.swift in Sources */,
				F41EFB1120790BA100DAFDE3 /* Ell3ViewFilling.swift in Sources */,
				F41EFAFF20790B6300DAFDE3 /* Ana3ViewCoordinates_Y.swift in Sources */,
				F41EFB3F20790C5700DAFDE3 /* Pol1ViewFilling.swift in Sources */,
				F41EFB1920790BA100DAFDE3 /* Ell1ViewRadius1.swift in Sources */,
				F41EFB5E20790D3200DAFDE3 /* Par2ViewLine.swift in Sources */,
				F41EFB2D20790C1500DAFDE3 /* Rho2ViewLine.swift in Sources */,
				F4517B98207909B700B419A6 /* DetailModel.swift in Sources */,
				F41EFB2720790BEF00DAFDE3 /* Con1ViewHeight.swift in Sources */,
				F41EFB3E20790C5700DAFDE3 /* Pol1ViewPolygon.swift in Sources */,
				F41EFB1E20790BCE00DAFDE3 /* Cyl1ViewRadius.swift in Sources */,
				F4FE5E2A1E158E8C009F24A6 /* AppDelegate.swift in Sources */,
				F41EFB3D20790C5700DAFDE3 /* Pol1ViewRadius.swift in Sources */,
				F41EFB2E20790C1500DAFDE3 /* Rho3ViewLine.swift in Sources */,
				F41EFB4520790C7E00DAFDE3 /* Cir3ViewSphere.swift in Sources */,
				F41EFB3020790C1500DAFDE3 /* Rho1ViewLine.swift in Sources */,
				F41EFB6120790D3200DAFDE3 /* Par8ViewCube1.swift in Sources */,
				F41EFB4E20790C9B00DAFDE3 /* Tri1ViewLine.swift in Sources */,
				F41EFB1F20790BCE00DAFDE3 /* Cyl1ViewHeight.swift in Sources */,
				F41EFB3C20790C5700DAFDE3 /* Pol1ViewLine.swift in Sources */,
				F41EFB6220790D3200DAFDE3 /* Par2ViewFilling.swift in Sources */,
				F41EFAF120790A6400DAFDE3 /* DetailCell.swift in Sources */,
				F41EFB3620790C3700DAFDE3 /* Tra1ViewLine.swift in Sources */,
			);
			runOnlyForDeploymentPostprocessing = 0;
		};
/* End PBXSourcesBuildPhase section */

/* Begin PBXVariantGroup section */
		F4FE5E321E158E8C009F24A6 /* LaunchScreen.storyboard */ = {
			isa = PBXVariantGroup;
			children = (
				F4FE5E331E158E8C009F24A6 /* Base */,
			);
			name = LaunchScreen.storyboard;
			sourceTree = "<group>";
		};
/* End PBXVariantGroup section */

/* Begin XCBuildConfiguration section */
		F4FE5E361E158E8C009F24A6 /* Debug */ = {
			isa = XCBuildConfiguration;
			buildSettings = {
				ALWAYS_SEARCH_USER_PATHS = NO;
				CLANG_ANALYZER_NONNULL = YES;
				CLANG_CXX_LANGUAGE_STANDARD = "gnu++0x";
				CLANG_CXX_LIBRARY = "libc++";
				CLANG_ENABLE_MODULES = YES;
				CLANG_ENABLE_OBJC_ARC = YES;
				CLANG_WARN_BLOCK_CAPTURE_AUTORELEASING = YES;
				CLANG_WARN_BOOL_CONVERSION = YES;
				CLANG_WARN_COMMA = YES;
				CLANG_WARN_CONSTANT_CONVERSION = YES;
				CLANG_WARN_DEPRECATED_OBJC_IMPLEMENTATIONS = YES;
				CLANG_WARN_DIRECT_OBJC_ISA_USAGE = YES_ERROR;
				CLANG_WARN_DOCUMENTATION_COMMENTS = YES;
				CLANG_WARN_EMPTY_BODY = YES;
				CLANG_WARN_ENUM_CONVERSION = YES;
				CLANG_WARN_INFINITE_RECURSION = YES;
				CLANG_WARN_INT_CONVERSION = YES;
				CLANG_WARN_NON_LITERAL_NULL_CONVERSION = YES;
				CLANG_WARN_OBJC_IMPLICIT_RETAIN_SELF = YES;
				CLANG_WARN_OBJC_LITERAL_CONVERSION = YES;
				CLANG_WARN_OBJC_ROOT_CLASS = YES_ERROR;
				CLANG_WARN_RANGE_LOOP_ANALYSIS = YES;
				CLANG_WARN_STRICT_PROTOTYPES = YES;
				CLANG_WARN_SUSPICIOUS_MOVE = YES;
				CLANG_WARN_UNREACHABLE_CODE = YES;
				CLANG_WARN__DUPLICATE_METHOD_MATCH = YES;
				"CODE_SIGN_IDENTITY[sdk=iphoneos*]" = "iPhone Developer";
				COPY_PHASE_STRIP = NO;
				DEBUG_INFORMATION_FORMAT = dwarf;
				ENABLE_STRICT_OBJC_MSGSEND = YES;
				ENABLE_TESTABILITY = YES;
				GCC_C_LANGUAGE_STANDARD = gnu99;
				GCC_DYNAMIC_NO_PIC = NO;
				GCC_NO_COMMON_BLOCKS = YES;
				GCC_OPTIMIZATION_LEVEL = 0;
				GCC_PREPROCESSOR_DEFINITIONS = (
					"DEBUG=1",
					"$(inherited)",
				);
				GCC_WARN_64_TO_32_BIT_CONVERSION = YES;
				GCC_WARN_ABOUT_RETURN_TYPE = YES_ERROR;
				GCC_WARN_UNDECLARED_SELECTOR = YES;
				GCC_WARN_UNINITIALIZED_AUTOS = YES_AGGRESSIVE;
				GCC_WARN_UNUSED_FUNCTION = YES;
				GCC_WARN_UNUSED_VARIABLE = YES;
				IPHONEOS_DEPLOYMENT_TARGET = 11.0;
				MTL_ENABLE_DEBUG_INFO = YES;
				ONLY_ACTIVE_ARCH = YES;
				SDKROOT = iphoneos;
				SWIFT_ACTIVE_COMPILATION_CONDITIONS = DEBUG;
				SWIFT_OPTIMIZATION_LEVEL = "-Onone";
				TARGETED_DEVICE_FAMILY = "1,2";
			};
			name = Debug;
		};
		F4FE5E371E158E8C009F24A6 /* Release */ = {
			isa = XCBuildConfiguration;
			buildSettings = {
				ALWAYS_SEARCH_USER_PATHS = NO;
				CLANG_ANALYZER_NONNULL = YES;
				CLANG_CXX_LANGUAGE_STANDARD = "gnu++0x";
				CLANG_CXX_LIBRARY = "libc++";
				CLANG_ENABLE_MODULES = YES;
				CLANG_ENABLE_OBJC_ARC = YES;
				CLANG_WARN_BLOCK_CAPTURE_AUTORELEASING = YES;
				CLANG_WARN_BOOL_CONVERSION = YES;
				CLANG_WARN_COMMA = YES;
				CLANG_WARN_CONSTANT_CONVERSION = YES;
				CLANG_WARN_DEPRECATED_OBJC_IMPLEMENTATIONS = YES;
				CLANG_WARN_DIRECT_OBJC_ISA_USAGE = YES_ERROR;
				CLANG_WARN_DOCUMENTATION_COMMENTS = YES;
				CLANG_WARN_EMPTY_BODY = YES;
				CLANG_WARN_ENUM_CONVERSION = YES;
				CLANG_WARN_INFINITE_RECURSION = YES;
				CLANG_WARN_INT_CONVERSION = YES;
				CLANG_WARN_NON_LITERAL_NULL_CONVERSION = YES;
				CLANG_WARN_OBJC_IMPLICIT_RETAIN_SELF = YES;
				CLANG_WARN_OBJC_LITERAL_CONVERSION = YES;
				CLANG_WARN_OBJC_ROOT_CLASS = YES_ERROR;
				CLANG_WARN_RANGE_LOOP_ANALYSIS = YES;
				CLANG_WARN_STRICT_PROTOTYPES = YES;
				CLANG_WARN_SUSPICIOUS_MOVE = YES;
				CLANG_WARN_UNREACHABLE_CODE = YES;
				CLANG_WARN__DUPLICATE_METHOD_MATCH = YES;
				"CODE_SIGN_IDENTITY[sdk=iphoneos*]" = "iPhone Developer";
				COPY_PHASE_STRIP = NO;
				DEBUG_INFORMATION_FORMAT = "dwarf-with-dsym";
				ENABLE_NS_ASSERTIONS = NO;
				ENABLE_STRICT_OBJC_MSGSEND = YES;
				GCC_C_LANGUAGE_STANDARD = gnu99;
				GCC_NO_COMMON_BLOCKS = YES;
				GCC_WARN_64_TO_32_BIT_CONVERSION = YES;
				GCC_WARN_ABOUT_RETURN_TYPE = YES_ERROR;
				GCC_WARN_UNDECLARED_SELECTOR = YES;
				GCC_WARN_UNINITIALIZED_AUTOS = YES_AGGRESSIVE;
				GCC_WARN_UNUSED_FUNCTION = YES;
				GCC_WARN_UNUSED_VARIABLE = YES;
				IPHONEOS_DEPLOYMENT_TARGET = 11.0;
				MTL_ENABLE_DEBUG_INFO = NO;
				SDKROOT = iphoneos;
				SWIFT_OPTIMIZATION_LEVEL = "-Owholemodule";
				TARGETED_DEVICE_FAMILY = "1,2";
				VALIDATE_PRODUCT = YES;
			};
			name = Release;
		};
		F4FE5E391E158E8C009F24A6 /* Debug */ = {
			isa = XCBuildConfiguration;
			buildSettings = {
				ASSETCATALOG_COMPILER_APPICON_NAME = AppIcon;
				DEVELOPMENT_TEAM = KUPZ8W8CSU;
				INFOPLIST_FILE = "Core Geometry/Info.plist";
				IPHONEOS_DEPLOYMENT_TARGET = 10.0;
				LD_RUNPATH_SEARCH_PATHS = "$(inherited) @executable_path/Frameworks";
				PRODUCT_BUNDLE_IDENTIFIER = "fotiostragopoulos.myds.me.Core-Geometry";
				PRODUCT_NAME = "$(TARGET_NAME)";
				SWIFT_SWIFT3_OBJC_INFERENCE = Default;
				SWIFT_VERSION = 4.0;
				TARGETED_DEVICE_FAMILY = "1,2";
			};
			name = Debug;
		};
		F4FE5E3A1E158E8C009F24A6 /* Release */ = {
			isa = XCBuildConfiguration;
			buildSettings = {
				ASSETCATALOG_COMPILER_APPICON_NAME = AppIcon;
				DEVELOPMENT_TEAM = KUPZ8W8CSU;
				INFOPLIST_FILE = "Core Geometry/Info.plist";
				IPHONEOS_DEPLOYMENT_TARGET = 10.0;
				LD_RUNPATH_SEARCH_PATHS = "$(inherited) @executable_path/Frameworks";
				PRODUCT_BUNDLE_IDENTIFIER = "fotiostragopoulos.myds.me.Core-Geometry";
				PRODUCT_NAME = "$(TARGET_NAME)";
				SWIFT_SWIFT3_OBJC_INFERENCE = Default;
				SWIFT_VERSION = 4.0;
				TARGETED_DEVICE_FAMILY = "1,2";
			};
			name = Release;
		};
/* End XCBuildConfiguration section */

/* Begin XCConfigurationList section */
		F4FE5E211E158E8C009F24A6 /* Build configuration list for PBXProject "Core Geometry" */ = {
			isa = XCConfigurationList;
			buildConfigurations = (
				F4FE5E361E158E8C009F24A6 /* Debug */,
				F4FE5E371E158E8C009F24A6 /* Release */,
			);
			defaultConfigurationIsVisible = 0;
			defaultConfigurationName = Release;
		};
		F4FE5E381E158E8C009F24A6 /* Build configuration list for PBXNativeTarget "Core Geometry" */ = {
			isa = XCConfigurationList;
			buildConfigurations = (
				F4FE5E391E158E8C009F24A6 /* Debug */,
				F4FE5E3A1E158E8C009F24A6 /* Release */,
			);
			defaultConfigurationIsVisible = 0;
			defaultConfigurationName = Release;
		};
/* End XCConfigurationList section */
	};
	rootObject = F4FE5E1E1E158E8C009F24A6 /* Project object */;
}
